
Microsoft Visual Studio Solution File, Format Version 12.00
# Visual Studio Version 17
VisualStudioVersion = 17.1.32319.34
MinimumVisualStudioVersion = 10.0.40219.1
Project("{FAE04EC0-301F-11D3-BF4B-00C04F79EFBC}") = "Quiz.Android", "Quiz\Quiz.Android\Quiz.Android.csproj", "{CE7E261C-0A3C-4F2B-A1AD-8A3D2F19B6DD}"
EndProject
Project("{FAE04EC0-301F-11D3-BF4B-00C04F79EFBC}") = "Quiz", "Quiz\Quiz\Quiz.csproj", "{CB990937-EF2E-487D-A67F-E76428B79F68}"
EndProject
Global
	GlobalSection(SolutionConfigurationPlatforms) = preSolution
		Debug|Any CPU = Debug|Any CPU
		Release|Any CPU = Release|Any CPU
	EndGlobalSection
	GlobalSection(ProjectConfigurationPlatforms) = postSolution
		{CE7E261C-0A3C-4F2B-A1AD-8A3D2F19B6DD}.Debug|Any CPU.ActiveCfg = Debug|Any CPU
		{CE7E261C-0A3C-4F2B-A1AD-8A3D2F19B6DD}.Debug|Any CPU.Build.0 = Debug|Any CPU
		{CE7E261C-0A3C-4F2B-A1AD-8A3D2F19B6DD}.Debug|Any CPU.Deploy.0 = Debug|Any CPU
		{CE7E261C-0A3C-4F2B-A1AD-8A3D2F19B6DD}.Release|Any CPU.ActiveCfg = Release|Any CPU
		{CE7E261C-0A3C-4F2B-A1AD-8A3D2F19B6DD}.Release|Any CPU.Build.0 = Release|Any CPU
		{CE7E261C-0A3C-4F2B-A1AD-8A3D2F19B6DD}.Release|Any CPU.Deploy.0 = Release|Any CPU
		{CB990937-EF2E-487D-A67F-E76428B79F68}.Debug|Any CPU.ActiveCfg = Debug|Any CPU
		{CB990937-EF2E-487D-A67F-E76428B79F68}.Debug|Any CPU.Build.0 = Debug|Any CPU
		{CB990937-EF2E-487D-A67F-E76428B79F68}.Debug|Any CPU.Deploy.0 = Debug|Any CPU
		{CB990937-EF2E-487D-A67F-E76428B79F68}.Release|Any CPU.ActiveCfg = Release|Any CPU
		{CB990937-EF2E-487D-A67F-E76428B79F68}.Release|Any CPU.Build.0 = Release|Any CPU
		{CB990937-EF2E-487D-A67F-E76428B79F68}.Release|Any CPU.Deploy.0 = Release|Any CPU
	EndGlobalSection
	GlobalSection(SolutionProperties) = preSolution
		HideSolutionNode = FALSE
	EndGlobalSection
	GlobalSection(ExtensibilityGlobals) = postSolution
		SolutionGuid = {9939FC03-597B-4844-ABE7-86BD3AB2DE91}
	EndGlobalSection
EndGlobal
